
Microsoft Visual Studio Solution File, Format Version 12.00
# Visual Studio Version 16
VisualStudioVersion = 16.0.31005.135
MinimumVisualStudioVersion = 10.0.40219.1
Project("{FAE04EC0-301F-11D3-BF4B-00C04F79EFBC}") = "Bankaccount", "Bankaccount\Bankaccount.csproj", "{19A06F36-12F8-46A6-87DC-02D02FAD2936}"
EndProject
Global
	GlobalSection(SolutionConfigurationPlatforms) = preSolution
		Debug|Any CPU = Debug|Any CPU
		Release|Any CPU = Release|Any CPU
	EndGlobalSection
	GlobalSection(ProjectConfigurationPlatforms) = postSolution
		{19A06F36-12F8-46A6-87DC-02D02FAD2936}.Debug|Any CPU.ActiveCfg = Debug|Any CPU
		{19A06F36-12F8-46A6-87DC-02D02FAD2936}.Debug|Any CPU.Build.0 = Debug|Any CPU
		{19A06F36-12F8-46A6-87DC-02D02FAD2936}.Release|Any CPU.ActiveCfg = Release|Any CPU
		{19A06F36-12F8-46A6-87DC-02D02FAD2936}.Release|Any CPU.Build.0 = Release|Any CPU
	EndGlobalSection
	GlobalSection(SolutionProperties) = preSolution
		HideSolutionNode = FALSE
	EndGlobalSection
	GlobalSection(ExtensibilityGlobals) = postSolution
		SolutionGuid = {75859C2D-28E1-4139-8109-E6C7F2C1C7B1}
	EndGlobalSection
EndGlobal
